// !$*UTF8*$!
{
	archiveVersion = 1;
	classes = {
	};
	objectVersion = 46;
	objects = {

/* Begin PBXBuildFile section */
		72F809F91D5CDB2B00816108 /* Book.swift in Sources */ = {isa = PBXBuildFile; fileRef = 72F809F81D5CDB2B00816108 /* Book.swift */; };
		72F809FB1D5CDDA600816108 /* Book+CloudKit.swift in Sources */ = {isa = PBXBuildFile; fileRef = 72F809FA1D5CDDA600816108 /* Book+CloudKit.swift */; };
		72F809FD1D5CE73700816108 /* CloudKitManager.swift in Sources */ = {isa = PBXBuildFile; fileRef = 72F809FC1D5CE73700816108 /* CloudKitManager.swift */; };
		72F809FF1D5CE7D100816108 /* BookController.swift in Sources */ = {isa = PBXBuildFile; fileRef = 72F809FE1D5CE7D100816108 /* BookController.swift */; };
		72F80A021D5D192900816108 /* CloudKit.framework in Frameworks */ = {isa = PBXBuildFile; fileRef = 72F80A011D5D192900816108 /* CloudKit.framework */; };
		72F80A051D5E662400816108 /* CloudKitSyncable.swift in Sources */ = {isa = PBXBuildFile; fileRef = 72F80A041D5E662400816108 /* CloudKitSyncable.swift */; };
		BC7BD26A1D5AEDFB00A0F172 /* AppDelegate.swift in Sources */ = {isa = PBXBuildFile; fileRef = BC7BD2691D5AEDFB00A0F172 /* AppDelegate.swift */; };
		BC7BD26F1D5AEDFB00A0F172 /* Main.storyboard in Resources */ = {isa = PBXBuildFile; fileRef = BC7BD26D1D5AEDFB00A0F172 /* Main.storyboard */; };
		BC7BD2711D5AEDFB00A0F172 /* Assets.xcassets in Resources */ = {isa = PBXBuildFile; fileRef = BC7BD2701D5AEDFB00A0F172 /* Assets.xcassets */; };
		BC7BD2741D5AEDFB00A0F172 /* LaunchScreen.storyboard in Resources */ = {isa = PBXBuildFile; fileRef = BC7BD2721D5AEDFB00A0F172 /* LaunchScreen.storyboard */; };
		BC7BD2801D5AF0F700A0F172 /* BookListViewController.swift in Sources */ = {isa = PBXBuildFile; fileRef = BC7BD27F1D5AF0F700A0F172 /* BookListViewController.swift */; };
		BC7BD2821D5AF1ED00A0F172 /* BookCollectionViewCell.swift in Sources */ = {isa = PBXBuildFile; fileRef = BC7BD2811D5AF1ED00A0F172 /* BookCollectionViewCell.swift */; };
		BC7BD2841D5AFA5600A0F172 /* BookDetailTableViewController.swift in Sources */ = {isa = PBXBuildFile; fileRef = BC7BD2831D5AFA5600A0F172 /* BookDetailTableViewController.swift */; };
		BC7BD2861D5B015E00A0F172 /* AddBookTableViewController.swift in Sources */ = {isa = PBXBuildFile; fileRef = BC7BD2851D5B015E00A0F172 /* AddBookTableViewController.swift */; };
		BC7BD2881D5B025E00A0F172 /* PhotoSelectViewController.swift in Sources */ = {isa = PBXBuildFile; fileRef = BC7BD2871D5B025E00A0F172 /* PhotoSelectViewController.swift */; };
		BC7BD28A1D5B673D00A0F172 /* AddBookViewController.swift in Sources */ = {isa = PBXBuildFile; fileRef = BC7BD2891D5B673D00A0F172 /* AddBookViewController.swift */; };
/* End PBXBuildFile section */

/* Begin PBXFileReference section */
		72F809F81D5CDB2B00816108 /* Book.swift */ = {isa = PBXFileReference; fileEncoding = 4; lastKnownFileType = sourcecode.swift; path = Book.swift; sourceTree = "<group>"; };
		72F809FA1D5CDDA600816108 /* Book+CloudKit.swift */ = {isa = PBXFileReference; fileEncoding = 4; lastKnownFileType = sourcecode.swift; path = "Book+CloudKit.swift"; sourceTree = "<group>"; };
		72F809FC1D5CE73700816108 /* CloudKitManager.swift */ = {isa = PBXFileReference; fileEncoding = 4; lastKnownFileType = sourcecode.swift; path = CloudKitManager.swift; sourceTree = "<group>"; };
		72F809FE1D5CE7D100816108 /* BookController.swift */ = {isa = PBXFileReference; fileEncoding = 4; lastKnownFileType = sourcecode.swift; path = BookController.swift; sourceTree = "<group>"; };
		72F80A001D5D192600816108 /* BookHub.entitlements */ = {isa = PBXFileReference; lastKnownFileType = text.xml; path = BookHub.entitlements; sourceTree = "<group>"; };
		72F80A011D5D192900816108 /* CloudKit.framework */ = {isa = PBXFileReference; lastKnownFileType = wrapper.framework; name = CloudKit.framework; path = System/Library/Frameworks/CloudKit.framework; sourceTree = SDKROOT; };
		72F80A041D5E662400816108 /* CloudKitSyncable.swift */ = {isa = PBXFileReference; fileEncoding = 4; lastKnownFileType = sourcecode.swift; path = CloudKitSyncable.swift; sourceTree = "<group>"; };
		BC7BD2661D5AEDFA00A0F172 /* BookHub.app */ = {isa = PBXFileReference; explicitFileType = wrapper.application; includeInIndex = 0; path = BookHub.app; sourceTree = BUILT_PRODUCTS_DIR; };
		BC7BD2691D5AEDFB00A0F172 /* AppDelegate.swift */ = {isa = PBXFileReference; lastKnownFileType = sourcecode.swift; path = AppDelegate.swift; sourceTree = "<group>"; };
		BC7BD26E1D5AEDFB00A0F172 /* Base */ = {isa = PBXFileReference; lastKnownFileType = file.storyboard; name = Base; path = Base.lproj/Main.storyboard; sourceTree = "<group>"; };
		BC7BD2701D5AEDFB00A0F172 /* Assets.xcassets */ = {isa = PBXFileReference; lastKnownFileType = folder.assetcatalog; path = Assets.xcassets; sourceTree = "<group>"; };
		BC7BD2731D5AEDFB00A0F172 /* Base */ = {isa = PBXFileReference; lastKnownFileType = file.storyboard; name = Base; path = Base.lproj/LaunchScreen.storyboard; sourceTree = "<group>"; };
		BC7BD2751D5AEDFB00A0F172 /* Info.plist */ = {isa = PBXFileReference; lastKnownFileType = text.plist.xml; path = Info.plist; sourceTree = "<group>"; };
		BC7BD27F1D5AF0F700A0F172 /* BookListViewController.swift */ = {isa = PBXFileReference; fileEncoding = 4; lastKnownFileType = sourcecode.swift; path = BookListViewController.swift; sourceTree = "<group>"; };
		BC7BD2811D5AF1ED00A0F172 /* BookCollectionViewCell.swift */ = {isa = PBXFileReference; fileEncoding = 4; lastKnownFileType = sourcecode.swift; path = BookCollectionViewCell.swift; sourceTree = "<group>"; };
		BC7BD2831D5AFA5600A0F172 /* BookDetailTableViewController.swift */ = {isa = PBXFileReference; fileEncoding = 4; lastKnownFileType = sourcecode.swift; path = BookDetailTableViewController.swift; sourceTree = "<group>"; };
		BC7BD2851D5B015E00A0F172 /* AddBookTableViewController.swift */ = {isa = PBXFileReference; fileEncoding = 4; lastKnownFileType = sourcecode.swift; path = AddBookTableViewController.swift; sourceTree = "<group>"; };
		BC7BD2871D5B025E00A0F172 /* PhotoSelectViewController.swift */ = {isa = PBXFileReference; fileEncoding = 4; lastKnownFileType = sourcecode.swift; path = PhotoSelectViewController.swift; sourceTree = "<group>"; };
		BC7BD2891D5B673D00A0F172 /* AddBookViewController.swift */ = {isa = PBXFileReference; fileEncoding = 4; lastKnownFileType = sourcecode.swift; path = AddBookViewController.swift; sourceTree = "<group>"; };
/* End PBXFileReference section */

/* Begin PBXFrameworksBuildPhase section */
		BC7BD2631D5AEDFA00A0F172 /* Frameworks */ = {
			isa = PBXFrameworksBuildPhase;
			buildActionMask = 2147483647;
			files = (
				72F80A021D5D192900816108 /* CloudKit.framework in Frameworks */,
			);
			runOnlyForDeploymentPostprocessing = 0;
		};
/* End PBXFrameworksBuildPhase section */

/* Begin PBXGroup section */
		72F80A031D5E65FA00816108 /* Protocols */ = {
			isa = PBXGroup;
			children = (
				72F80A041D5E662400816108 /* CloudKitSyncable.swift */,
			);
			name = Protocols;
			sourceTree = "<group>";
		};
		BC7BD25D1D5AEDFA00A0F172 = {
			isa = PBXGroup;
			children = (
				72F80A011D5D192900816108 /* CloudKit.framework */,
				BC7BD2681D5AEDFB00A0F172 /* BookHub */,
				BC7BD27E1D5AF0BB00A0F172 /* Utilities */,
				BC7BD2671D5AEDFA00A0F172 /* Products */,
			);
			sourceTree = "<group>";
		};
		BC7BD2671D5AEDFA00A0F172 /* Products */ = {
			isa = PBXGroup;
			children = (
				BC7BD2661D5AEDFA00A0F172 /* BookHub.app */,
			);
			name = Products;
			sourceTree = "<group>";
		};
		BC7BD2681D5AEDFB00A0F172 /* BookHub */ = {
			isa = PBXGroup;
			children = (
				72F80A001D5D192600816108 /* BookHub.entitlements */,
				72F80A031D5E65FA00816108 /* Protocols */,
				BC7BD27D1D5AF08600A0F172 /* Model */,
				BC7BD27C1D5AF08000A0F172 /* View */,
				BC7BD27B1D5AF07A00A0F172 /* Controller */,
			);
			path = BookHub;
			sourceTree = "<group>";
		};
		BC7BD27B1D5AF07A00A0F172 /* Controller */ = {
			isa = PBXGroup;
			children = (
				72F809FC1D5CE73700816108 /* CloudKitManager.swift */,
				72F809FE1D5CE7D100816108 /* BookController.swift */,
			);
			name = Controller;
			sourceTree = "<group>";
		};
		BC7BD27C1D5AF08000A0F172 /* View */ = {
			isa = PBXGroup;
			children = (
				BC7BD27F1D5AF0F700A0F172 /* BookListViewController.swift */,
				BC7BD2811D5AF1ED00A0F172 /* BookCollectionViewCell.swift */,
				BC7BD2831D5AFA5600A0F172 /* BookDetailTableViewController.swift */,
				BC7BD2851D5B015E00A0F172 /* AddBookTableViewController.swift */,
				BC7BD2891D5B673D00A0F172 /* AddBookViewController.swift */,
				BC7BD2871D5B025E00A0F172 /* PhotoSelectViewController.swift */,
			);
			name = View;
			sourceTree = "<group>";
		};
		BC7BD27D1D5AF08600A0F172 /* Model */ = {
			isa = PBXGroup;
			children = (
				72F809F81D5CDB2B00816108 /* Book.swift */,
				72F809FA1D5CDDA600816108 /* Book+CloudKit.swift */,
			);
			name = Model;
			sourceTree = "<group>";
		};
		BC7BD27E1D5AF0BB00A0F172 /* Utilities */ = {
			isa = PBXGroup;
			children = (
				BC7BD2691D5AEDFB00A0F172 /* AppDelegate.swift */,
				BC7BD26D1D5AEDFB00A0F172 /* Main.storyboard */,
				BC7BD2701D5AEDFB00A0F172 /* Assets.xcassets */,
				BC7BD2721D5AEDFB00A0F172 /* LaunchScreen.storyboard */,
				BC7BD2751D5AEDFB00A0F172 /* Info.plist */,
			);
			name = Utilities;
			path = BookHub;
			sourceTree = "<group>";
		};
/* End PBXGroup section */

/* Begin PBXNativeTarget section */
		BC7BD2651D5AEDFA00A0F172 /* BookHub */ = {
			isa = PBXNativeTarget;
			buildConfigurationList = BC7BD2781D5AEDFB00A0F172 /* Build configuration list for PBXNativeTarget "BookHub" */;
			buildPhases = (
				BC7BD2621D5AEDFA00A0F172 /* Sources */,
				BC7BD2631D5AEDFA00A0F172 /* Frameworks */,
				BC7BD2641D5AEDFA00A0F172 /* Resources */,
			);
			buildRules = (
			);
			dependencies = (
			);
			name = BookHub;
			productName = BookHub;
			productReference = BC7BD2661D5AEDFA00A0F172 /* BookHub.app */;
			productType = "com.apple.product-type.application";
		};
/* End PBXNativeTarget section */

/* Begin PBXProject section */
		BC7BD25E1D5AEDFA00A0F172 /* Project object */ = {
			isa = PBXProject;
			attributes = {
				LastSwiftUpdateCheck = 0730;
				LastUpgradeCheck = 0730;
				ORGANIZATIONNAME = home;
				TargetAttributes = {
					BC7BD2651D5AEDFA00A0F172 = {
						CreatedOnToolsVersion = 7.3.1;
						DevelopmentTeam = 793L5ZBT7T;
						SystemCapabilities = {
							com.apple.iCloud = {
								enabled = 1;
							};
						};
					};
				};
			};
			buildConfigurationList = BC7BD2611D5AEDFA00A0F172 /* Build configuration list for PBXProject "BookHub" */;
			compatibilityVersion = "Xcode 3.2";
			developmentRegion = English;
			hasScannedForEncodings = 0;
			knownRegions = (
				en,
				Base,
			);
			mainGroup = BC7BD25D1D5AEDFA00A0F172;
			productRefGroup = BC7BD2671D5AEDFA00A0F172 /* Products */;
			projectDirPath = "";
			projectRoot = "";
			targets = (
				BC7BD2651D5AEDFA00A0F172 /* BookHub */,
			);
		};
/* End PBXProject section */

/* Begin PBXResourcesBuildPhase section */
		BC7BD2641D5AEDFA00A0F172 /* Resources */ = {
			isa = PBXResourcesBuildPhase;
			buildActionMask = 2147483647;
			files = (
				BC7BD2741D5AEDFB00A0F172 /* LaunchScreen.storyboard in Resources */,
				BC7BD2711D5AEDFB00A0F172 /* Assets.xcassets in Resources */,
				BC7BD26F1D5AEDFB00A0F172 /* Main.storyboard in Resources */,
			);
			runOnlyForDeploymentPostprocessing = 0;
		};
/* End PBXResourcesBuildPhase section */

/* Begin PBXSourcesBuildPhase section */
		BC7BD2621D5AEDFA00A0F172 /* Sources */ = {
			isa = PBXSourcesBuildPhase;
			buildActionMask = 2147483647;
			files = (
				72F809F91D5CDB2B00816108 /* Book.swift in Sources */,
				72F80A051D5E662400816108 /* CloudKitSyncable.swift in Sources */,
				72F809FF1D5CE7D100816108 /* BookController.swift in Sources */,
				BC7BD2821D5AF1ED00A0F172 /* BookCollectionViewCell.swift in Sources */,
				BC7BD26A1D5AEDFB00A0F172 /* AppDelegate.swift in Sources */,
				BC7BD2801D5AF0F700A0F172 /* BookListViewController.swift in Sources */,
				72F809FD1D5CE73700816108 /* CloudKitManager.swift in Sources */,
				BC7BD28A1D5B673D00A0F172 /* AddBookViewController.swift in Sources */,
				72F809FB1D5CDDA600816108 /* Book+CloudKit.swift in Sources */,
				BC7BD2861D5B015E00A0F172 /* AddBookTableViewController.swift in Sources */,
				BC7BD2841D5AFA5600A0F172 /* BookDetailTableViewController.swift in Sources */,
				BC7BD2881D5B025E00A0F172 /* PhotoSelectViewController.swift in Sources */,
			);
			runOnlyForDeploymentPostprocessing = 0;
		};
/* End PBXSourcesBuildPhase section */

/* Begin PBXVariantGroup section */
		BC7BD26D1D5AEDFB00A0F172 /* Main.storyboard */ = {
			isa = PBXVariantGroup;
			children = (
				BC7BD26E1D5AEDFB00A0F172 /* Base */,
			);
			name = Main.storyboard;
			sourceTree = "<group>";
		};
		BC7BD2721D5AEDFB00A0F172 /* LaunchScreen.storyboard */ = {
			isa = PBXVariantGroup;
			children = (
				BC7BD2731D5AEDFB00A0F172 /* Base */,
			);
			name = LaunchScreen.storyboard;
			sourceTree = "<group>";
		};
/* End PBXVariantGroup section */

/* Begin XCBuildConfiguration section */
		BC7BD2761D5AEDFB00A0F172 /* Debug */ = {
			isa = XCBuildConfiguration;
			buildSettings = {
				ALWAYS_SEARCH_USER_PATHS = NO;
				CLANG_ANALYZER_NONNULL = YES;
				CLANG_CXX_LANGUAGE_STANDARD = "gnu++0x";
				CLANG_CXX_LIBRARY = "libc++";
				CLANG_ENABLE_MODULES = YES;
				CLANG_ENABLE_OBJC_ARC = YES;
				CLANG_WARN_BOOL_CONVERSION = YES;
				CLANG_WARN_CONSTANT_CONVERSION = YES;
				CLANG_WARN_DIRECT_OBJC_ISA_USAGE = YES_ERROR;
				CLANG_WARN_EMPTY_BODY = YES;
				CLANG_WARN_ENUM_CONVERSION = YES;
				CLANG_WARN_INT_CONVERSION = YES;
				CLANG_WARN_OBJC_ROOT_CLASS = YES_ERROR;
				CLANG_WARN_UNREACHABLE_CODE = YES;
				CLANG_WARN__DUPLICATE_METHOD_MATCH = YES;
				"CODE_SIGN_IDENTITY[sdk=iphoneos*]" = "iPhone Developer";
				COPY_PHASE_STRIP = NO;
				DEBUG_INFORMATION_FORMAT = dwarf;
				ENABLE_STRICT_OBJC_MSGSEND = YES;
				ENABLE_TESTABILITY = YES;
				GCC_C_LANGUAGE_STANDARD = gnu99;
				GCC_DYNAMIC_NO_PIC = NO;
				GCC_NO_COMMON_BLOCKS = YES;
				GCC_OPTIMIZATION_LEVEL = 0;
				GCC_PREPROCESSOR_DEFINITIONS = (
					"DEBUG=1",
					"$(inherited)",
				);
				GCC_WARN_64_TO_32_BIT_CONVERSION = YES;
				GCC_WARN_ABOUT_RETURN_TYPE = YES_ERROR;
				GCC_WARN_UNDECLARED_SELECTOR = YES;
				GCC_WARN_UNINITIALIZED_AUTOS = YES_AGGRESSIVE;
				GCC_WARN_UNUSED_FUNCTION = YES;
				GCC_WARN_UNUSED_VARIABLE = YES;
				IPHONEOS_DEPLOYMENT_TARGET = 9.3;
				MTL_ENABLE_DEBUG_INFO = YES;
				ONLY_ACTIVE_ARCH = YES;
				SDKROOT = iphoneos;
				SWIFT_OPTIMIZATION_LEVEL = "-Onone";
			};
			name = Debug;
		};
		BC7BD2771D5AEDFB00A0F172 /* Release */ = {
			isa = XCBuildConfiguration;
			buildSettings = {
				ALWAYS_SEARCH_USER_PATHS = NO;
				CLANG_ANALYZER_NONNULL = YES;
				CLANG_CXX_LANGUAGE_STANDARD = "gnu++0x";
				CLANG_CXX_LIBRARY = "libc++";
				CLANG_ENABLE_MODULES = YES;
				CLANG_ENABLE_OBJC_ARC = YES;
				CLANG_WARN_BOOL_CONVERSION = YES;
				CLANG_WARN_CONSTANT_CONVERSION = YES;
				CLANG_WARN_DIRECT_OBJC_ISA_USAGE = YES_ERROR;
				CLANG_WARN_EMPTY_BODY = YES;
				CLANG_WARN_ENUM_CONVERSION = YES;
				CLANG_WARN_INT_CONVERSION = YES;
				CLANG_WARN_OBJC_ROOT_CLASS = YES_ERROR;
				CLANG_WARN_UNREACHABLE_CODE = YES;
				CLANG_WARN__DUPLICATE_METHOD_MATCH = YES;
				"CODE_SIGN_IDENTITY[sdk=iphoneos*]" = "iPhone Developer";
				COPY_PHASE_STRIP = NO;
				DEBUG_INFORMATION_FORMAT = "dwarf-with-dsym";
				ENABLE_NS_ASSERTIONS = NO;
				ENABLE_STRICT_OBJC_MSGSEND = YES;
				GCC_C_LANGUAGE_STANDARD = gnu99;
				GCC_NO_COMMON_BLOCKS = YES;
				GCC_WARN_64_TO_32_BIT_CONVERSION = YES;
				GCC_WARN_ABOUT_RETURN_TYPE = YES_ERROR;
				GCC_WARN_UNDECLARED_SELECTOR = YES;
				GCC_WARN_UNINITIALIZED_AUTOS = YES_AGGRESSIVE;
				GCC_WARN_UNUSED_FUNCTION = YES;
				GCC_WARN_UNUSED_VARIABLE = YES;
				IPHONEOS_DEPLOYMENT_TARGET = 9.3;
				MTL_ENABLE_DEBUG_INFO = NO;
				SDKROOT = iphoneos;
				VALIDATE_PRODUCT = YES;
			};
			name = Release;
		};
		BC7BD2791D5AEDFB00A0F172 /* Debug */ = {
			isa = XCBuildConfiguration;
			buildSettings = {
				ASSETCATALOG_COMPILER_APPICON_NAME = AppIcon;
				CODE_SIGN_ENTITLEMENTS = BookHub/BookHub.entitlements;
				CODE_SIGN_IDENTITY = "iPhone Developer";
				INFOPLIST_FILE = BookHub/Info.plist;
				LD_RUNPATH_SEARCH_PATHS = "$(inherited) @executable_path/Frameworks";
				PRODUCT_BUNDLE_IDENTIFIER = com.josephhansen.BookHub;
				PRODUCT_NAME = "$(TARGET_NAME)";
			};
			name = Debug;
		};
		BC7BD27A1D5AEDFB00A0F172 /* Release */ = {
			isa = XCBuildConfiguration;
			buildSettings = {
				ASSETCATALOG_COMPILER_APPICON_NAME = AppIcon;
				CODE_SIGN_ENTITLEMENTS = BookHub/BookHub.entitlements;
				CODE_SIGN_IDENTITY = "iPhone Developer";
				INFOPLIST_FILE = BookHub/Info.plist;
				LD_RUNPATH_SEARCH_PATHS = "$(inherited) @executable_path/Frameworks";
				PRODUCT_BUNDLE_IDENTIFIER = com.josephhansen.BookHub;
				PRODUCT_NAME = "$(TARGET_NAME)";
			};
			name = Release;
		};
/* End XCBuildConfiguration section */

/* Begin XCConfigurationList section */
		BC7BD2611D5AEDFA00A0F172 /* Build configuration list for PBXProject "BookHub" */ = {
			isa = XCConfigurationList;
			buildConfigurations = (
				BC7BD2761D5AEDFB00A0F172 /* Debug */,
				BC7BD2771D5AEDFB00A0F172 /* Release */,
			);
			defaultConfigurationIsVisible = 0;
			defaultConfigurationName = Release;
		};
		BC7BD2781D5AEDFB00A0F172 /* Build configuration list for PBXNativeTarget "BookHub" */ = {
			isa = XCConfigurationList;
			buildConfigurations = (
				BC7BD2791D5AEDFB00A0F172 /* Debug */,
				BC7BD27A1D5AEDFB00A0F172 /* Release */,
			);
			defaultConfigurationIsVisible = 0;
			defaultConfigurationName = Release;
		};
/* End XCConfigurationList section */
	};
	rootObject = BC7BD25E1D5AEDFA00A0F172 /* Project object */;
}
